
Microsoft Visual Studio Solution File, Format Version 12.00
# Visual Studio Version 16
VisualStudioVersion = 16.0.32002.261
MinimumVisualStudioVersion = 10.0.40219.1
Project("{9A19103F-16F7-4668-BE54-9A1E7A4F7556}") = "WpfApp", "WpfApp\WpfApp.csproj", "{AC453CB8-354A-4853-85B4-F832D179B23D}"
EndProject
Project("{9A19103F-16F7-4668-BE54-9A1E7A4F7556}") = "TestProject", "TestProject\TestProject.csproj", "{CE62EBCE-9BA3-46EA-99E9-A9EA88256776}"
EndProject
Project("{FAE04EC0-301F-11D3-BF4B-00C04F79EFBC}") = "TestProjectIntegration", "TestProjectIntegration\TestProjectIntegration.csproj", "{89A965B2-1C61-488C-89EB-944215AB4098}"
EndProject
Global
	GlobalSection(SolutionConfigurationPlatforms) = preSolution
		Debug|Any CPU = Debug|Any CPU
		Release|Any CPU = Release|Any CPU
	EndGlobalSection
	GlobalSection(ProjectConfigurationPlatforms) = postSolution
		{AC453CB8-354A-4853-85B4-F832D179B23D}.Debug|Any CPU.ActiveCfg = Debug|Any CPU
		{AC453CB8-354A-4853-85B4-F832D179B23D}.Debug|Any CPU.Build.0 = Debug|Any CPU
		{AC453CB8-354A-4853-85B4-F832D179B23D}.Release|Any CPU.ActiveCfg = Release|Any CPU
		{AC453CB8-354A-4853-85B4-F832D179B23D}.Release|Any CPU.Build.0 = Release|Any CPU
		{CE62EBCE-9BA3-46EA-99E9-A9EA88256776}.Debug|Any CPU.ActiveCfg = Debug|Any CPU
		{CE62EBCE-9BA3-46EA-99E9-A9EA88256776}.Debug|Any CPU.Build.0 = Debug|Any CPU
		{CE62EBCE-9BA3-46EA-99E9-A9EA88256776}.Release|Any CPU.ActiveCfg = Release|Any CPU
		{CE62EBCE-9BA3-46EA-99E9-A9EA88256776}.Release|Any CPU.Build.0 = Release|Any CPU
		{89A965B2-1C61-488C-89EB-944215AB4098}.Debug|Any CPU.ActiveCfg = Debug|Any CPU
		{89A965B2-1C61-488C-89EB-944215AB4098}.Debug|Any CPU.Build.0 = Debug|Any CPU
		{89A965B2-1C61-488C-89EB-944215AB4098}.Release|Any CPU.ActiveCfg = Release|Any CPU
		{89A965B2-1C61-488C-89EB-944215AB4098}.Release|Any CPU.Build.0 = Release|Any CPU
	EndGlobalSection
	GlobalSection(SolutionProperties) = preSolution
		HideSolutionNode = FALSE
	EndGlobalSection
	GlobalSection(ExtensibilityGlobals) = postSolution
		SolutionGuid = {E91EA0E9-8D4A-4CB4-8172-2001D9D789B3}
	EndGlobalSection
EndGlobal
